
Microsoft Visual Studio Solution File, Format Version 12.00
# Visual Studio Version 17
VisualStudioVersion = 17.3.32929.385
MinimumVisualStudioVersion = 10.0.40219.1
Project("{9A19103F-16F7-4668-BE54-9A1E7A4F7556}") = "LogGrinder", "LogGrinder\LogGrinder.csproj", "{3FDA3C72-E2AA-4747-AF84-9B7929AAFE54}"
EndProject
Project("{FAE04EC0-301F-11D3-BF4B-00C04F79EFBC}") = "LogGrinder.Tests", "LogGrinder.Tests\LogGrinder.Tests.csproj", "{6C65A290-4BA1-4B5C-9C4D-68B94267E092}"
EndProject
Global
	GlobalSection(SolutionConfigurationPlatforms) = preSolution
		Debug|Any CPU = Debug|Any CPU
		Release|Any CPU = Release|Any CPU
	EndGlobalSection
	GlobalSection(ProjectConfigurationPlatforms) = postSolution
		{3FDA3C72-E2AA-4747-AF84-9B7929AAFE54}.Debug|Any CPU.ActiveCfg = Debug|Any CPU
		{3FDA3C72-E2AA-4747-AF84-9B7929AAFE54}.Debug|Any CPU.Build.0 = Debug|Any CPU
		{3FDA3C72-E2AA-4747-AF84-9B7929AAFE54}.Release|Any CPU.ActiveCfg = Release|Any CPU
		{3FDA3C72-E2AA-4747-AF84-9B7929AAFE54}.Release|Any CPU.Build.0 = Release|Any CPU
		{6C65A290-4BA1-4B5C-9C4D-68B94267E092}.Debug|Any CPU.ActiveCfg = Debug|Any CPU
		{6C65A290-4BA1-4B5C-9C4D-68B94267E092}.Debug|Any CPU.Build.0 = Debug|Any CPU
		{6C65A290-4BA1-4B5C-9C4D-68B94267E092}.Release|Any CPU.ActiveCfg = Release|Any CPU
		{6C65A290-4BA1-4B5C-9C4D-68B94267E092}.Release|Any CPU.Build.0 = Release|Any CPU
	EndGlobalSection
	GlobalSection(SolutionProperties) = preSolution
		HideSolutionNode = FALSE
	EndGlobalSection
	GlobalSection(ExtensibilityGlobals) = postSolution
		SolutionGuid = {1A64EBB7-6C66-45DC-B4CA-DAA74311D361}
	EndGlobalSection
EndGlobal
